
Microsoft Visual Studio Solution File, Format Version 12.00
# Visual Studio Version 17
VisualStudioVersion = 17.3.32811.315
MinimumVisualStudioVersion = 10.0.40219.1
Project("{9A19103F-16F7-4668-BE54-9A1E7A4F7556}") = "YXH_Tools_Files", "YXH_Tools_Files.csproj", "{59E01FC3-0C2F-419C-B2A7-254B40469C03}"
EndProject
Project("{FAE04EC0-301F-11D3-BF4B-00C04F79EFBC}") = "UnitTest", "..\UnitTest\UnitTest.csproj", "{E2D20E6A-696B-4C46-9402-C8F39190CE8F}"
EndProject
Global
	GlobalSection(SolutionConfigurationPlatforms) = preSolution
		Debug|Any CPU = Debug|Any CPU
		Release|Any CPU = Release|Any CPU
	EndGlobalSection
	GlobalSection(ProjectConfigurationPlatforms) = postSolution
		{59E01FC3-0C2F-419C-B2A7-254B40469C03}.Debug|Any CPU.ActiveCfg = Debug|Any CPU
		{59E01FC3-0C2F-419C-B2A7-254B40469C03}.Debug|Any CPU.Build.0 = Debug|Any CPU
		{59E01FC3-0C2F-419C-B2A7-254B40469C03}.Release|Any CPU.ActiveCfg = Release|Any CPU
		{59E01FC3-0C2F-419C-B2A7-254B40469C03}.Release|Any CPU.Build.0 = Release|Any CPU
		{E2D20E6A-696B-4C46-9402-C8F39190CE8F}.Debug|Any CPU.ActiveCfg = Debug|Any CPU
		{E2D20E6A-696B-4C46-9402-C8F39190CE8F}.Debug|Any CPU.Build.0 = Debug|Any CPU
		{E2D20E6A-696B-4C46-9402-C8F39190CE8F}.Release|Any CPU.ActiveCfg = Release|Any CPU
		{E2D20E6A-696B-4C46-9402-C8F39190CE8F}.Release|Any CPU.Build.0 = Release|Any CPU
	EndGlobalSection
	GlobalSection(SolutionProperties) = preSolution
		HideSolutionNode = FALSE
	EndGlobalSection
	GlobalSection(ExtensibilityGlobals) = postSolution
		SolutionGuid = {5A58343B-B3D7-4A39-9715-A19BA7E8D962}
	EndGlobalSection
EndGlobal
